{
  "lockfile_version": "1",
  "packages": {
    "actionlint@1.7.12": {
      "last_modified": "2026-06-27T07:37:20Z",
      "resolved": "github:NixOS/nixpkgs/3d46470bb3030020f7e1361f33514854f5bfa86d#actionlint",
      "source": "devbox-search",
      "version": "1.7.12",
      "systems": {
        "aarch64-darwin": {
          "outputs": [
            {
              "name": "out",
              "path": "/nix/store/9qj0ikkqv66k52xs8fywmnzyg8zn2svm-actionlint-1.7.12",
              "default": true
            }
          ],
          "store_path": "/nix/store/9qj0ikkqv66k52xs8fywmnzyg8zn2svm-actionlint-1.7.12"
        },
        "aarch64-linux": {
          "outputs": [
            {
              "name": "out",
              "path": "/nix/store/31js4yryr1yjq4waygdlv2k5w5ks0s0n-actionlint-1.7.12",
              "default": true
            }
          ],
          "store_path": "/nix/store/31js4yryr1yjq4waygdlv2k5w5ks0s0n-actionlint-1.7.12"
        },
        "x86_64-darwin": {
          "outputs": [
            {
              "name": "out",
              "path": "/nix/store/w4rjv0ikr5r5x54w758c8ck2016nmzsx-actionlint-1.7.12",
              "default": true
            }
          ],
          "store_path": "/nix/store/w4rjv0ikr5r5x54w758c8ck2016nmzsx-actionlint-1.7.12"
        },
        "x86_64-linux": {
          "outputs": [
            {
              "name": "out",
              "path": "/nix/store/20imjbvi2q6z691fd5acg20mfx3aqvkj-actionlint-1.7.12",
              "default": true
            }
          ],
          "store_path": "/nix/store/20imjbvi2q6z691fd5acg20mfx3aqvkj-actionlint-1.7.12"
        }
      }
    },
    "age@1.3.1": {
      "last_modified": "2026-06-27T07:37:20Z",
      "resolved": "github:NixOS/nixpkgs/3d46470bb3030020f7e1361f33514854f5bfa86d#age",
      "source": "devbox-search",
      "version": "1.3.1",
      "systems": {
        "aarch64-darwin": {
          "outputs": [
            {
              "name": "out",
              "path": "/nix/store/9w3kxarsk2dyx51348bnpcc12r34pb0j-age-1.3.1",
              "default": true
            }
          ],
          "store_path": "/nix/store/9w3kxarsk2dyx51348bnpcc12r34pb0j-age-1.3.1"
        },
        "aarch64-linux": {
          "outputs": [
            {
              "name": "out",
              "path": "/nix/store/scmmn2j95r09yn4awzyz83jw0xikcvdr-age-1.3.1",
              "default": true
            }
          ],
          "store_path": "/nix/store/scmmn2j95r09yn4awzyz83jw0xikcvdr-age-1.3.1"
        },
        "x86_64-darwin": {
          "outputs": [
            {
              "name": "out",
              "path": "/nix/store/xb1bm4jymz2paaw31vrymqvsi5b2rf9s-age-1.3.1",
              "default": true
            }
          ],
          "store_path": "/nix/store/xb1bm4jymz2paaw31vrymqvsi5b2rf9s-age-1.3.1"
        },
        "x86_64-linux": {
          "outputs": [
            {
              "name": "out",
              "path": "/nix/store/05mz78cn3v2qjwx6d41finlv21m7ysyf-age-1.3.1",
              "default": true
            }
          ],
          "store_path": "/nix/store/05mz78cn3v2qjwx6d41finlv21m7ysyf-age-1.3.1"
        }
      }
    },
    "fluxcd@0.41.2": {
      "last_modified": "2023-04-13T03:55:09Z",
      "resolved": "github:NixOS/nixpkgs/96ba1c52e54e74c3197f4d43026b3f3d92e83ff9#fluxcd",
      "source": "devbox-search",
      "version": "0.41.2",
      "systems": {
        "aarch64-darwin": {
          "outputs": [
            {
              "name": "out",
              "path": "/nix/store/qv91k022b1z2qnwpbq0q992ka7lcnlzf-fluxcd-0.41.2",
              "default": true
            }
          ],
          "store_path": "/nix/store/qv91k022b1z2qnwpbq0q992ka7lcnlzf-fluxcd-0.41.2"
        },
        "aarch64-linux": {
          "outputs": [
            {
              "name": "out",
              "path": "/nix/store/z5aws384w5vgdrhks9z6913fvh69rlnv-fluxcd-0.41.2",
              "default": true
            }
          ],
          "store_path": "/nix/store/z5aws384w5vgdrhks9z6913fvh69rlnv-fluxcd-0.41.2"
        },
        "x86_64-darwin": {
          "outputs": [
            {
              "name": "out",
              "path": "/nix/store/7l3lar4z57hipqh7rqqwiny8wklgfj8h-fluxcd-0.41.2",
              "default": true
            }
          ],
          "store_path": "/nix/store/7l3lar4z57hipqh7rqqwiny8wklgfj8h-fluxcd-0.41.2"
        },
        "x86_64-linux": {
          "outputs": [
            {
              "name": "out",
              "path": "/nix/store/54283cbwcmgf1aqi5bfvf85dsv3fa3ms-fluxcd-0.41.2",
              "default": true
            }
          ],
          "store_path": "/nix/store/54283cbwcmgf1aqi5bfvf85dsv3fa3ms-fluxcd-0.41.2"
        }
      }
    },
    "github:NixOS/nixpkgs/nixpkgs-unstable": {
      "last_modified": "2026-06-29T19:19:24Z",
      "resolved": "github:NixOS/nixpkgs/7a1a64774a5fd0b0cd39ac95d0e170ace8b266a0?lastModified=1782760764"
    },
    "go-task@latest": {
      "last_modified": "2026-06-27T07:37:20Z",
      "resolved": "github:NixOS/nixpkgs/3d46470bb3030020f7e1361f33514854f5bfa86d#go-task",
      "source": "devbox-search",
      "version": "3.48.0",
      "systems": {
        "aarch64-darwin": {
          "outputs": [
            {
              "name": "out",
              "path": "/nix/store/80bj596m0qh7lyh7f5cmfy6r2cif9i08-go-task-3.48.0",
              "default": true
            }
          ],
          "store_path": "/nix/store/80bj596m0qh7lyh7f5cmfy6r2cif9i08-go-task-3.48.0"
        },
        "aarch64-linux": {
          "outputs": [
            {
              "name": "out",
              "path": "/nix/store/cp9nkcbc9gpx527n258c2bglhc4b82w5-go-task-3.48.0",
              "default": true
            }
          ],
          "store_path": "/nix/store/cp9nkcbc9gpx527n258c2bglhc4b82w5-go-task-3.48.0"
        },
        "x86_64-darwin": {
          "outputs": [
            {
              "name": "out",
              "path": "/nix/store/q7mxf9b9kcphb3lxrzn4mqazb9nrvlnz-go-task-3.48.0",
              "default": true
            }
          ],
          "store_path": "/nix/store/q7mxf9b9kcphb3lxrzn4mqazb9nrvlnz-go-task-3.48.0"
        },
        "x86_64-linux": {
          "outputs": [
            {
              "name": "out",
              "path": "/nix/store/7fshm6glyd5vi331jjizidvn95lflpig-go-task-3.48.0",
              "default": true
            }
          ],
          "store_path": "/nix/store/7fshm6glyd5vi331jjizidvn95lflpig-go-task-3.48.0"
        }
      }
    },
    "kubeconform@0.7.0": {
      "last_modified": "2026-06-27T07:37:20Z",
      "resolved": "github:NixOS/nixpkgs/3d46470bb3030020f7e1361f33514854f5bfa86d#kubeconform",
      "source": "devbox-search",
      "version": "0.7.0",
      "systems": {
        "aarch64-darwin": {
          "outputs": [
            {
              "name": "out",
              "path": "/nix/store/fc5ycw8v4mazlnssahw2bc02v6yy2hsg-kubeconform-0.7.0",
              "default": true
            }
          ],
          "store_path": "/nix/store/fc5ycw8v4mazlnssahw2bc02v6yy2hsg-kubeconform-0.7.0"
        },
        "aarch64-linux": {
          "outputs": [
            {
              "name": "out",
              "path": "/nix/store/c851cl8sj2agr4l7g95z4sy75cly88m1-kubeconform-0.7.0",
              "default": true
            }
          ],
          "store_path": "/nix/store/c851cl8sj2agr4l7g95z4sy75cly88m1-kubeconform-0.7.0"
        },
        "x86_64-darwin": {
          "outputs": [
            {
              "name": "out",
              "path": "/nix/store/rl6h5bhmfn7jlj8hdqxsjy9527c6dl0n-kubeconform-0.7.0",
              "default": true
            }
          ],
          "store_path": "/nix/store/rl6h5bhmfn7jlj8hdqxsjy9527c6dl0n-kubeconform-0.7.0"
        },
        "x86_64-linux": {
          "outputs": [
            {
              "name": "out",
              "path": "/nix/store/77pm0r902wz86q6a072i6jrws4rgyyb2-kubeconform-0.7.0",
              "default": true
            }
          ],
          "store_path": "/nix/store/77pm0r902wz86q6a072i6jrws4rgyyb2-kubeconform-0.7.0"
        }
      }
    },
    "kubectl@1.36.2": {
      "last_modified": "2026-06-27T07:37:20Z",
      "resolved": "github:NixOS/nixpkgs/3d46470bb3030020f7e1361f33514854f5bfa86d#kubectl",
      "source": "devbox-search",
      "version": "1.36.2",
      "systems": {
        "aarch64-darwin": {
          "outputs": [
            {
              "name": "out",
              "path": "/nix/store/5ffkf9jl4q5j8lc0hnjbzc8z0z13k2v0-kubectl-1.36.2",
              "default": true
            },
            {
              "name": "man",
              "path": "/nix/store/xkfjvrsbdm163clwd08ncqfkgsrdzad6-kubectl-1.36.2-man",
              "default": true
            },
            {
              "name": "convert",
              "path": "/nix/store/x3i9x1ky83wp5zyrcx3in6qq4vmj18p7-kubectl-1.36.2-convert"
            }
          ],
          "store_path": "/nix/store/5ffkf9jl4q5j8lc0hnjbzc8z0z13k2v0-kubectl-1.36.2"
        },
        "aarch64-linux": {
          "outputs": [
            {
              "name": "out",
              "path": "/nix/store/37b8wvibnxkxp54ndndacvi72a81ylsb-kubectl-1.36.2",
              "default": true
            },
            {
              "name": "man",
              "path": "/nix/store/78isckjhiww09qw1nyh05y4xpnwcmfa8-kubectl-1.36.2-man",
              "default": true
            },
            {
              "name": "convert",
              "path": "/nix/store/ri4mg6hc4686zdp8f73cns68fkfwsyq8-kubectl-1.36.2-convert"
            }
          ],
          "store_path": "/nix/store/37b8wvibnxkxp54ndndacvi72a81ylsb-kubectl-1.36.2"
        },
        "x86_64-darwin": {
          "outputs": [
            {
              "name": "out",
              "path": "/nix/store/2mzx35a2g3h1n4lpk0p6qm6dl83d2gi6-kubectl-1.36.2",
              "default": true
            },
            {
              "name": "man",
              "path": "/nix/store/8agbav6nsacbxb826wwhy27dckb60hhk-kubectl-1.36.2-man",
              "default": true
            },
            {
              "name": "convert",
              "path": "/nix/store/xavdplccjx28qkqadjgs7mnimc3sizjk-kubectl-1.36.2-convert"
            }
          ],
          "store_path": "/nix/store/2mzx35a2g3h1n4lpk0p6qm6dl83d2gi6-kubectl-1.36.2"
        },
        "x86_64-linux": {
          "outputs": [
            {
              "name": "out",
              "path": "/nix/store/3dd157118hzg4cmg87fg2mnjp3wkvrm8-kubectl-1.36.2",
              "default": true
            },
            {
              "name": "man",
              "path": "/nix/store/2g4hsvhjr30dyarlrqh2g1pg636bzlnr-kubectl-1.36.2-man",
              "default": true
            },
            {
              "name": "convert",
              "path": "/nix/store/rpqbz66l6znajvdmizzijf5skikh2ra2-kubectl-1.36.2-convert"
            }
          ],
          "store_path": "/nix/store/3dd157118hzg4cmg87fg2mnjp3wkvrm8-kubectl-1.36.2"
        }
      }
    },
    "kustomize@3.10.0": {
      "last_modified": "2021-03-08T20:48:59Z",
      "resolved": "github:NixOS/nixpkgs/0867f62742476f513e39113e643d9f1612b31133#kustomize",
      "source": "devbox-search",
      "version": "3.10.0",
      "systems": {
        "x86_64-linux": {
          "outputs": [
            {
              "path": "/tmp/containerbase/cache/nix/store/3bp4c9sx6xby8iw511j96mr0kq7yj0mi-kustomize-3.10.0",
              "default": true
            }
          ]
        }
      }
    },
    "opentofu@1.12.3": {
      "last_modified": "2026-06-27T07:37:20Z",
      "resolved": "github:NixOS/nixpkgs/3d46470bb3030020f7e1361f33514854f5bfa86d#opentofu",
      "source": "devbox-search",
      "version": "1.12.3",
      "systems": {
        "aarch64-darwin": {
          "outputs": [
            {
              "name": "out",
              "path": "/nix/store/4k1yf0ym15k0lv76sdwhjwgy0vh7qx2n-opentofu-1.12.3",
              "default": true
            }
          ],
          "store_path": "/nix/store/4k1yf0ym15k0lv76sdwhjwgy0vh7qx2n-opentofu-1.12.3"
        },
        "aarch64-linux": {
          "outputs": [
            {
              "name": "out",
              "path": "/nix/store/kdb9r26cr4rlcy6ga94a4amrkbi01f2h-opentofu-1.12.3",
              "default": true
            }
          ],
          "store_path": "/nix/store/kdb9r26cr4rlcy6ga94a4amrkbi01f2h-opentofu-1.12.3"
        },
        "x86_64-darwin": {
          "outputs": [
            {
              "name": "out",
              "path": "/nix/store/42r5yjla5f86cy226p4nybv6cm5v6bkn-opentofu-1.12.3",
              "default": true
            }
          ],
          "store_path": "/nix/store/42r5yjla5f86cy226p4nybv6cm5v6bkn-opentofu-1.12.3"
        },
        "x86_64-linux": {
          "outputs": [
            {
              "name": "out",
              "path": "/nix/store/zcdmfjz21gr4w43lbainxnk05b7jh07h-opentofu-1.12.3",
              "default": true
            }
          ],
          "store_path": "/nix/store/zcdmfjz21gr4w43lbainxnk05b7jh07h-opentofu-1.12.3"
        }
      }
    },
    "sops@3.13.1": {
      "last_modified": "2026-06-27T07:37:20Z",
      "resolved": "github:NixOS/nixpkgs/3d46470bb3030020f7e1361f33514854f5bfa86d#sops",
      "source": "devbox-search",
      "version": "3.13.1",
      "systems": {
        "aarch64-darwin": {
          "outputs": [
            {
              "name": "out",
              "path": "/nix/store/0hh101gd57gyfn9hhxskrl2q268mw5cs-sops-3.13.1",
              "default": true
            }
          ],
          "store_path": "/nix/store/0hh101gd57gyfn9hhxskrl2q268mw5cs-sops-3.13.1"
        },
        "aarch64-linux": {
          "outputs": [
            {
              "name": "out",
              "path": "/nix/store/yrzj7k24jf5v2qh91483ippl9m6d3jli-sops-3.13.1",
              "default": true
            }
          ],
          "store_path": "/nix/store/yrzj7k24jf5v2qh91483ippl9m6d3jli-sops-3.13.1"
        },
        "x86_64-darwin": {
          "outputs": [
            {
              "name": "out",
              "path": "/nix/store/y1jzss33zg8al7crp93apzpm6frqfs2s-sops-3.13.1",
              "default": true
            }
          ],
          "store_path": "/nix/store/y1jzss33zg8al7crp93apzpm6frqfs2s-sops-3.13.1"
        },
        "x86_64-linux": {
          "outputs": [
            {
              "name": "out",
              "path": "/nix/store/55y1ql5mp3jg6zzz00nmilkrp4phsk1z-sops-3.13.1",
              "default": true
            }
          ],
          "store_path": "/nix/store/55y1ql5mp3jg6zzz00nmilkrp4phsk1z-sops-3.13.1"
        }
      }
    },
    "trivy@0.72.0": {
      "last_modified": "2026-06-30T12:14:11Z",
      "resolved": "github:NixOS/nixpkgs/e52c192be9d7b2c4bd4aed326c8731b35f8bb75c#trivy",
      "source": "devbox-search",
      "version": "0.72.0",
      "systems": {
        "aarch64-darwin": {
          "outputs": [
            {
              "name": "out",
              "path": "/nix/store/3g9d3q5g4rvp6x918xrqzbvv05fwcj3m-trivy-0.72.0",
              "default": true
            }
          ],
          "store_path": "/nix/store/3g9d3q5g4rvp6x918xrqzbvv05fwcj3m-trivy-0.72.0"
        },
        "aarch64-linux": {
          "outputs": [
            {
              "name": "out",
              "path": "/nix/store/653gwhzagzwa5x7h10gx5kk80wmaci8x-trivy-0.72.0",
              "default": true
            }
          ],
          "store_path": "/nix/store/653gwhzagzwa5x7h10gx5kk80wmaci8x-trivy-0.72.0"
        },
        "x86_64-darwin": {
          "outputs": [
            {
              "name": "out",
              "path": "/nix/store/8k87qdbswg62ids7r10kfn3c12j8m3ah-trivy-0.72.0",
              "default": true
            }
          ],
          "store_path": "/nix/store/8k87qdbswg62ids7r10kfn3c12j8m3ah-trivy-0.72.0"
        },
        "x86_64-linux": {
          "outputs": [
            {
              "name": "out",
              "path": "/nix/store/kcid5xfz7475ms1zac2mkwvma9kwghzl-trivy-0.72.0",
              "default": true
            }
          ],
          "store_path": "/nix/store/kcid5xfz7475ms1zac2mkwvma9kwghzl-trivy-0.72.0"
        }
      }
    },
    "yamllint@1.37.1": {
      "last_modified": "2026-06-27T07:37:20Z",
      "resolved": "github:NixOS/nixpkgs/3d46470bb3030020f7e1361f33514854f5bfa86d#yamllint",
      "source": "devbox-search",
      "version": "1.37.1",
      "systems": {
        "aarch64-darwin": {
          "outputs": [
            {
              "name": "out",
              "path": "/nix/store/7n3n0i63y8rlapg3lkm2yn3mikks5s05-python3.13-yamllint-1.37.1",
              "default": true
            },
            {
              "name": "dist",
              "path": "/nix/store/8fm1gafz0i7l04l9gsg9479p0dqwa2fk-python3.13-yamllint-1.37.1-dist"
            }
          ],
          "store_path": "/nix/store/7n3n0i63y8rlapg3lkm2yn3mikks5s05-python3.13-yamllint-1.37.1"
        },
        "aarch64-linux": {
          "outputs": [
            {
              "name": "out",
              "path": "/nix/store/fq895h2hsh25fjyiq56zzilll2dbr88g-python3.13-yamllint-1.37.1",
              "default": true
            },
            {
              "name": "dist",
              "path": "/nix/store/nvc7bs1qiw7b336wyj0rv0c299yg6390-python3.13-yamllint-1.37.1-dist"
            }
          ],
          "store_path": "/nix/store/fq895h2hsh25fjyiq56zzilll2dbr88g-python3.13-yamllint-1.37.1"
        },
        "x86_64-darwin": {
          "outputs": [
            {
              "name": "out",
              "path": "/nix/store/bif9hvk42ynby7sdw88lax0j51kzlr2n-python3.13-yamllint-1.37.1",
              "default": true
            },
            {
              "name": "dist",
              "path": "/nix/store/qa1dq7xly19afgn165nf6572b3q61w1s-python3.13-yamllint-1.37.1-dist"
            }
          ],
          "store_path": "/nix/store/bif9hvk42ynby7sdw88lax0j51kzlr2n-python3.13-yamllint-1.37.1"
        },
        "x86_64-linux": {
          "outputs": [
            {
              "name": "out",
              "path": "/nix/store/rqh0f80yadayvb2wx5jbrwsn3j1ns4fd-python3.13-yamllint-1.37.1",
              "default": true
            },
            {
              "name": "dist",
              "path": "/nix/store/jcy4afhhfvygjqr41cs0i4647s05n9f2-python3.13-yamllint-1.37.1-dist"
            }
          ],
          "store_path": "/nix/store/rqh0f80yadayvb2wx5jbrwsn3j1ns4fd-python3.13-yamllint-1.37.1"
        }
      }
    }
  }
}
