{
  "lockfile_version": "1",
  "packages": {
    "actionlint@1.7.11": {
      "last_modified": "2026-03-21T07:29:51Z",
      "resolved": "github:NixOS/nixpkgs/09061f748ee21f68a089cd5d91ec1859cd93d0be#actionlint",
      "source": "devbox-search",
      "version": "1.7.11",
      "systems": {
        "aarch64-darwin": {
          "outputs": [
            {
              "name": "out",
              "path": "/nix/store/qgjfg7ybpnpyi7ka9c35synp512fw4az-actionlint-1.7.11",
              "default": true
            }
          ],
          "store_path": "/nix/store/qgjfg7ybpnpyi7ka9c35synp512fw4az-actionlint-1.7.11"
        },
        "aarch64-linux": {
          "outputs": [
            {
              "name": "out",
              "path": "/nix/store/b4bgjjnmpi94k2fw2fj73cjmsn7kfg4i-actionlint-1.7.11",
              "default": true
            }
          ],
          "store_path": "/nix/store/b4bgjjnmpi94k2fw2fj73cjmsn7kfg4i-actionlint-1.7.11"
        },
        "x86_64-darwin": {
          "outputs": [
            {
              "name": "out",
              "path": "/nix/store/d8c0fmg4gaijsz2j9iccqnv2p6lxnj7k-actionlint-1.7.11",
              "default": true
            }
          ],
          "store_path": "/nix/store/d8c0fmg4gaijsz2j9iccqnv2p6lxnj7k-actionlint-1.7.11"
        },
        "x86_64-linux": {
          "outputs": [
            {
              "name": "out",
              "path": "/nix/store/95708my6vy5j8brwh90fcw7h9xkfbv6s-actionlint-1.7.11",
              "default": true
            }
          ],
          "store_path": "/nix/store/95708my6vy5j8brwh90fcw7h9xkfbv6s-actionlint-1.7.11"
        }
      }
    },
    "age@latest": {
      "last_modified": "2026-06-27T07:37:20Z",
      "resolved": "github:NixOS/nixpkgs/3d46470bb3030020f7e1361f33514854f5bfa86d#age",
      "source": "devbox-search",
      "version": "1.3.1",
      "systems": {
        "aarch64-darwin": {
          "outputs": [
            {
              "name": "out",
              "path": "/nix/store/9w3kxarsk2dyx51348bnpcc12r34pb0j-age-1.3.1",
              "default": true
            }
          ],
          "store_path": "/nix/store/9w3kxarsk2dyx51348bnpcc12r34pb0j-age-1.3.1"
        },
        "aarch64-linux": {
          "outputs": [
            {
              "name": "out",
              "path": "/nix/store/scmmn2j95r09yn4awzyz83jw0xikcvdr-age-1.3.1",
              "default": true
            }
          ],
          "store_path": "/nix/store/scmmn2j95r09yn4awzyz83jw0xikcvdr-age-1.3.1"
        },
        "x86_64-darwin": {
          "outputs": [
            {
              "name": "out",
              "path": "/nix/store/xb1bm4jymz2paaw31vrymqvsi5b2rf9s-age-1.3.1",
              "default": true
            }
          ],
          "store_path": "/nix/store/xb1bm4jymz2paaw31vrymqvsi5b2rf9s-age-1.3.1"
        },
        "x86_64-linux": {
          "outputs": [
            {
              "name": "out",
              "path": "/nix/store/05mz78cn3v2qjwx6d41finlv21m7ysyf-age-1.3.1",
              "default": true
            }
          ],
          "store_path": "/nix/store/05mz78cn3v2qjwx6d41finlv21m7ysyf-age-1.3.1"
        }
      }
    },
    "fluxcd@latest": {
      "last_modified": "2026-06-27T07:37:20Z",
      "resolved": "github:NixOS/nixpkgs/3d46470bb3030020f7e1361f33514854f5bfa86d#fluxcd",
      "source": "devbox-search",
      "version": "2.8.8",
      "systems": {
        "aarch64-darwin": {
          "outputs": [
            {
              "name": "out",
              "path": "/nix/store/bvx0mkx6wj65hs16655n85x2mq004054-fluxcd-2.8.8",
              "default": true
            }
          ],
          "store_path": "/nix/store/bvx0mkx6wj65hs16655n85x2mq004054-fluxcd-2.8.8"
        },
        "aarch64-linux": {
          "outputs": [
            {
              "name": "out",
              "path": "/nix/store/yka1y2ri7pi3vl08jyk4payvw0h8qgc0-fluxcd-2.8.8",
              "default": true
            }
          ],
          "store_path": "/nix/store/yka1y2ri7pi3vl08jyk4payvw0h8qgc0-fluxcd-2.8.8"
        },
        "x86_64-darwin": {
          "outputs": [
            {
              "name": "out",
              "path": "/nix/store/6akax71ig6pv440g9lhiqq8k4ykfs5vm-fluxcd-2.8.8",
              "default": true
            }
          ],
          "store_path": "/nix/store/6akax71ig6pv440g9lhiqq8k4ykfs5vm-fluxcd-2.8.8"
        },
        "x86_64-linux": {
          "outputs": [
            {
              "name": "out",
              "path": "/nix/store/4xphz8xql8cnvp92j62ksrlxigppff72-fluxcd-2.8.8",
              "default": true
            }
          ],
          "store_path": "/nix/store/4xphz8xql8cnvp92j62ksrlxigppff72-fluxcd-2.8.8"
        }
      }
    },
    "github:NixOS/nixpkgs/nixpkgs-unstable": {
      "last_modified": "2026-06-29T19:19:24Z",
      "resolved": "github:NixOS/nixpkgs/7a1a64774a5fd0b0cd39ac95d0e170ace8b266a0?lastModified=1782760764"
    },
    "go-task@latest": {
      "last_modified": "2026-06-27T07:37:20Z",
      "resolved": "github:NixOS/nixpkgs/3d46470bb3030020f7e1361f33514854f5bfa86d#go-task",
      "source": "devbox-search",
      "version": "3.48.0",
      "systems": {
        "aarch64-darwin": {
          "outputs": [
            {
              "name": "out",
              "path": "/nix/store/80bj596m0qh7lyh7f5cmfy6r2cif9i08-go-task-3.48.0",
              "default": true
            }
          ],
          "store_path": "/nix/store/80bj596m0qh7lyh7f5cmfy6r2cif9i08-go-task-3.48.0"
        },
        "aarch64-linux": {
          "outputs": [
            {
              "name": "out",
              "path": "/nix/store/cp9nkcbc9gpx527n258c2bglhc4b82w5-go-task-3.48.0",
              "default": true
            }
          ],
          "store_path": "/nix/store/cp9nkcbc9gpx527n258c2bglhc4b82w5-go-task-3.48.0"
        },
        "x86_64-darwin": {
          "outputs": [
            {
              "name": "out",
              "path": "/nix/store/q7mxf9b9kcphb3lxrzn4mqazb9nrvlnz-go-task-3.48.0",
              "default": true
            }
          ],
          "store_path": "/nix/store/q7mxf9b9kcphb3lxrzn4mqazb9nrvlnz-go-task-3.48.0"
        },
        "x86_64-linux": {
          "outputs": [
            {
              "name": "out",
              "path": "/nix/store/7fshm6glyd5vi331jjizidvn95lflpig-go-task-3.48.0",
              "default": true
            }
          ],
          "store_path": "/nix/store/7fshm6glyd5vi331jjizidvn95lflpig-go-task-3.48.0"
        }
      }
    },
    "kubeconform@latest": {
      "last_modified": "2026-06-27T07:37:20Z",
      "resolved": "github:NixOS/nixpkgs/3d46470bb3030020f7e1361f33514854f5bfa86d#kubeconform",
      "source": "devbox-search",
      "version": "0.7.0",
      "systems": {
        "aarch64-darwin": {
          "outputs": [
            {
              "name": "out",
              "path": "/nix/store/fc5ycw8v4mazlnssahw2bc02v6yy2hsg-kubeconform-0.7.0",
              "default": true
            }
          ],
          "store_path": "/nix/store/fc5ycw8v4mazlnssahw2bc02v6yy2hsg-kubeconform-0.7.0"
        },
        "aarch64-linux": {
          "outputs": [
            {
              "name": "out",
              "path": "/nix/store/c851cl8sj2agr4l7g95z4sy75cly88m1-kubeconform-0.7.0",
              "default": true
            }
          ],
          "store_path": "/nix/store/c851cl8sj2agr4l7g95z4sy75cly88m1-kubeconform-0.7.0"
        },
        "x86_64-darwin": {
          "outputs": [
            {
              "name": "out",
              "path": "/nix/store/rl6h5bhmfn7jlj8hdqxsjy9527c6dl0n-kubeconform-0.7.0",
              "default": true
            }
          ],
          "store_path": "/nix/store/rl6h5bhmfn7jlj8hdqxsjy9527c6dl0n-kubeconform-0.7.0"
        },
        "x86_64-linux": {
          "outputs": [
            {
              "name": "out",
              "path": "/nix/store/77pm0r902wz86q6a072i6jrws4rgyyb2-kubeconform-0.7.0",
              "default": true
            }
          ],
          "store_path": "/nix/store/77pm0r902wz86q6a072i6jrws4rgyyb2-kubeconform-0.7.0"
        }
      }
    },
    "kubectl@latest": {
      "last_modified": "2026-06-27T07:37:20Z",
      "resolved": "github:NixOS/nixpkgs/3d46470bb3030020f7e1361f33514854f5bfa86d#kubectl",
      "source": "devbox-search",
      "version": "1.36.2",
      "systems": {
        "aarch64-darwin": {
          "outputs": [
            {
              "name": "out",
              "path": "/nix/store/5ffkf9jl4q5j8lc0hnjbzc8z0z13k2v0-kubectl-1.36.2",
              "default": true
            },
            {
              "name": "man",
              "path": "/nix/store/xkfjvrsbdm163clwd08ncqfkgsrdzad6-kubectl-1.36.2-man",
              "default": true
            },
            {
              "name": "convert",
              "path": "/nix/store/x3i9x1ky83wp5zyrcx3in6qq4vmj18p7-kubectl-1.36.2-convert"
            }
          ],
          "store_path": "/nix/store/5ffkf9jl4q5j8lc0hnjbzc8z0z13k2v0-kubectl-1.36.2"
        },
        "aarch64-linux": {
          "outputs": [
            {
              "name": "out",
              "path": "/nix/store/37b8wvibnxkxp54ndndacvi72a81ylsb-kubectl-1.36.2",
              "default": true
            },
            {
              "name": "man",
              "path": "/nix/store/78isckjhiww09qw1nyh05y4xpnwcmfa8-kubectl-1.36.2-man",
              "default": true
            },
            {
              "name": "convert",
              "path": "/nix/store/ri4mg6hc4686zdp8f73cns68fkfwsyq8-kubectl-1.36.2-convert"
            }
          ],
          "store_path": "/nix/store/37b8wvibnxkxp54ndndacvi72a81ylsb-kubectl-1.36.2"
        },
        "x86_64-darwin": {
          "outputs": [
            {
              "name": "out",
              "path": "/nix/store/2mzx35a2g3h1n4lpk0p6qm6dl83d2gi6-kubectl-1.36.2",
              "default": true
            },
            {
              "name": "man",
              "path": "/nix/store/8agbav6nsacbxb826wwhy27dckb60hhk-kubectl-1.36.2-man",
              "default": true
            },
            {
              "name": "convert",
              "path": "/nix/store/xavdplccjx28qkqadjgs7mnimc3sizjk-kubectl-1.36.2-convert"
            }
          ],
          "store_path": "/nix/store/2mzx35a2g3h1n4lpk0p6qm6dl83d2gi6-kubectl-1.36.2"
        },
        "x86_64-linux": {
          "outputs": [
            {
              "name": "out",
              "path": "/nix/store/3dd157118hzg4cmg87fg2mnjp3wkvrm8-kubectl-1.36.2",
              "default": true
            },
            {
              "name": "man",
              "path": "/nix/store/2g4hsvhjr30dyarlrqh2g1pg636bzlnr-kubectl-1.36.2-man",
              "default": true
            },
            {
              "name": "convert",
              "path": "/nix/store/rpqbz66l6znajvdmizzijf5skikh2ra2-kubectl-1.36.2-convert"
            }
          ],
          "store_path": "/nix/store/3dd157118hzg4cmg87fg2mnjp3wkvrm8-kubectl-1.36.2"
        }
      }
    },
    "kustomize@latest": {
      "last_modified": "2026-06-27T07:37:20Z",
      "resolved": "github:NixOS/nixpkgs/3d46470bb3030020f7e1361f33514854f5bfa86d#kustomize",
      "source": "devbox-search",
      "version": "5.8.1",
      "systems": {
        "aarch64-darwin": {
          "outputs": [
            {
              "name": "out",
              "path": "/nix/store/iqr1czjzzm9zsdn250gxs5rf6q1c6ryf-kustomize-5.8.1",
              "default": true
            }
          ],
          "store_path": "/nix/store/iqr1czjzzm9zsdn250gxs5rf6q1c6ryf-kustomize-5.8.1"
        },
        "aarch64-linux": {
          "outputs": [
            {
              "name": "out",
              "path": "/nix/store/5fg6ic4bcmhxrqp7ylq2xwdgh4n6ik8i-kustomize-5.8.1",
              "default": true
            }
          ],
          "store_path": "/nix/store/5fg6ic4bcmhxrqp7ylq2xwdgh4n6ik8i-kustomize-5.8.1"
        },
        "x86_64-darwin": {
          "outputs": [
            {
              "name": "out",
              "path": "/nix/store/7hx9cv1yxfd01k33aaxay05a8pzm3gja-kustomize-5.8.1",
              "default": true
            }
          ],
          "store_path": "/nix/store/7hx9cv1yxfd01k33aaxay05a8pzm3gja-kustomize-5.8.1"
        },
        "x86_64-linux": {
          "outputs": [
            {
              "name": "out",
              "path": "/nix/store/qr14kk804av1w3i5a2ais4srhrhj86aj-kustomize-5.8.1",
              "default": true
            }
          ],
          "store_path": "/nix/store/qr14kk804av1w3i5a2ais4srhrhj86aj-kustomize-5.8.1"
        }
      }
    },
    "opentofu@latest": {
      "last_modified": "2026-06-27T07:37:20Z",
      "resolved": "github:NixOS/nixpkgs/3d46470bb3030020f7e1361f33514854f5bfa86d#opentofu",
      "source": "devbox-search",
      "version": "1.12.3",
      "systems": {
        "aarch64-darwin": {
          "outputs": [
            {
              "name": "out",
              "path": "/nix/store/4k1yf0ym15k0lv76sdwhjwgy0vh7qx2n-opentofu-1.12.3",
              "default": true
            }
          ],
          "store_path": "/nix/store/4k1yf0ym15k0lv76sdwhjwgy0vh7qx2n-opentofu-1.12.3"
        },
        "aarch64-linux": {
          "outputs": [
            {
              "name": "out",
              "path": "/nix/store/kdb9r26cr4rlcy6ga94a4amrkbi01f2h-opentofu-1.12.3",
              "default": true
            }
          ],
          "store_path": "/nix/store/kdb9r26cr4rlcy6ga94a4amrkbi01f2h-opentofu-1.12.3"
        },
        "x86_64-darwin": {
          "outputs": [
            {
              "name": "out",
              "path": "/nix/store/42r5yjla5f86cy226p4nybv6cm5v6bkn-opentofu-1.12.3",
              "default": true
            }
          ],
          "store_path": "/nix/store/42r5yjla5f86cy226p4nybv6cm5v6bkn-opentofu-1.12.3"
        },
        "x86_64-linux": {
          "outputs": [
            {
              "name": "out",
              "path": "/nix/store/zcdmfjz21gr4w43lbainxnk05b7jh07h-opentofu-1.12.3",
              "default": true
            }
          ],
          "store_path": "/nix/store/zcdmfjz21gr4w43lbainxnk05b7jh07h-opentofu-1.12.3"
        }
      }
    },
    "sops@latest": {
      "last_modified": "2026-06-27T07:37:20Z",
      "resolved": "github:NixOS/nixpkgs/3d46470bb3030020f7e1361f33514854f5bfa86d#sops",
      "source": "devbox-search",
      "version": "3.13.1",
      "systems": {
        "aarch64-darwin": {
          "outputs": [
            {
              "name": "out",
              "path": "/nix/store/0hh101gd57gyfn9hhxskrl2q268mw5cs-sops-3.13.1",
              "default": true
            }
          ],
          "store_path": "/nix/store/0hh101gd57gyfn9hhxskrl2q268mw5cs-sops-3.13.1"
        },
        "aarch64-linux": {
          "outputs": [
            {
              "name": "out",
              "path": "/nix/store/yrzj7k24jf5v2qh91483ippl9m6d3jli-sops-3.13.1",
              "default": true
            }
          ],
          "store_path": "/nix/store/yrzj7k24jf5v2qh91483ippl9m6d3jli-sops-3.13.1"
        },
        "x86_64-darwin": {
          "outputs": [
            {
              "name": "out",
              "path": "/nix/store/y1jzss33zg8al7crp93apzpm6frqfs2s-sops-3.13.1",
              "default": true
            }
          ],
          "store_path": "/nix/store/y1jzss33zg8al7crp93apzpm6frqfs2s-sops-3.13.1"
        },
        "x86_64-linux": {
          "outputs": [
            {
              "name": "out",
              "path": "/nix/store/55y1ql5mp3jg6zzz00nmilkrp4phsk1z-sops-3.13.1",
              "default": true
            }
          ],
          "store_path": "/nix/store/55y1ql5mp3jg6zzz00nmilkrp4phsk1z-sops-3.13.1"
        }
      }
    },
    "trivy@latest": {
      "last_modified": "2026-06-27T07:37:20Z",
      "resolved": "github:NixOS/nixpkgs/3d46470bb3030020f7e1361f33514854f5bfa86d#trivy",
      "source": "devbox-search",
      "version": "0.71.2",
      "systems": {
        "aarch64-darwin": {
          "outputs": [
            {
              "name": "out",
              "path": "/nix/store/is18hhnznp6f66d3p9qbv0bm07rln22p-trivy-0.71.2",
              "default": true
            }
          ],
          "store_path": "/nix/store/is18hhnznp6f66d3p9qbv0bm07rln22p-trivy-0.71.2"
        },
        "aarch64-linux": {
          "outputs": [
            {
              "name": "out",
              "path": "/nix/store/71fqq9m9wmkjg6f05q4nhxilqgzymknc-trivy-0.71.2",
              "default": true
            }
          ],
          "store_path": "/nix/store/71fqq9m9wmkjg6f05q4nhxilqgzymknc-trivy-0.71.2"
        },
        "x86_64-darwin": {
          "outputs": [
            {
              "name": "out",
              "path": "/nix/store/95zw4cblbnzkdwrnn6qyq1bskb7wsv1z-trivy-0.71.2",
              "default": true
            }
          ],
          "store_path": "/nix/store/95zw4cblbnzkdwrnn6qyq1bskb7wsv1z-trivy-0.71.2"
        },
        "x86_64-linux": {
          "outputs": [
            {
              "name": "out",
              "path": "/nix/store/19mqz24riw1kl2xp4ylq1fljp2lhn02c-trivy-0.71.2",
              "default": true
            }
          ],
          "store_path": "/nix/store/19mqz24riw1kl2xp4ylq1fljp2lhn02c-trivy-0.71.2"
        }
      }
    },
    "yamllint@latest": {
      "last_modified": "2026-06-27T07:37:20Z",
      "resolved": "github:NixOS/nixpkgs/3d46470bb3030020f7e1361f33514854f5bfa86d#yamllint",
      "source": "devbox-search",
      "version": "1.37.1",
      "systems": {
        "aarch64-darwin": {
          "outputs": [
            {
              "name": "out",
              "path": "/nix/store/7n3n0i63y8rlapg3lkm2yn3mikks5s05-python3.13-yamllint-1.37.1",
              "default": true
            },
            {
              "name": "dist",
              "path": "/nix/store/8fm1gafz0i7l04l9gsg9479p0dqwa2fk-python3.13-yamllint-1.37.1-dist"
            }
          ],
          "store_path": "/nix/store/7n3n0i63y8rlapg3lkm2yn3mikks5s05-python3.13-yamllint-1.37.1"
        },
        "aarch64-linux": {
          "outputs": [
            {
              "name": "out",
              "path": "/nix/store/fq895h2hsh25fjyiq56zzilll2dbr88g-python3.13-yamllint-1.37.1",
              "default": true
            },
            {
              "name": "dist",
              "path": "/nix/store/nvc7bs1qiw7b336wyj0rv0c299yg6390-python3.13-yamllint-1.37.1-dist"
            }
          ],
          "store_path": "/nix/store/fq895h2hsh25fjyiq56zzilll2dbr88g-python3.13-yamllint-1.37.1"
        },
        "x86_64-darwin": {
          "outputs": [
            {
              "name": "out",
              "path": "/nix/store/bif9hvk42ynby7sdw88lax0j51kzlr2n-python3.13-yamllint-1.37.1",
              "default": true
            },
            {
              "name": "dist",
              "path": "/nix/store/qa1dq7xly19afgn165nf6572b3q61w1s-python3.13-yamllint-1.37.1-dist"
            }
          ],
          "store_path": "/nix/store/bif9hvk42ynby7sdw88lax0j51kzlr2n-python3.13-yamllint-1.37.1"
        },
        "x86_64-linux": {
          "outputs": [
            {
              "name": "out",
              "path": "/nix/store/rqh0f80yadayvb2wx5jbrwsn3j1ns4fd-python3.13-yamllint-1.37.1",
              "default": true
            },
            {
              "name": "dist",
              "path": "/nix/store/jcy4afhhfvygjqr41cs0i4647s05n9f2-python3.13-yamllint-1.37.1-dist"
            }
          ],
          "store_path": "/nix/store/rqh0f80yadayvb2wx5jbrwsn3j1ns4fd-python3.13-yamllint-1.37.1"
        }
      }
    }
  }
}
