{
  "lockfile_version": "1",
  "packages": {
    "actionlint@1.7.11": {
      "last_modified": "2026-03-21T07:29:51Z",
      "resolved": "github:NixOS/nixpkgs/09061f748ee21f68a089cd5d91ec1859cd93d0be#actionlint",
      "source": "devbox-search",
      "version": "1.7.11",
      "systems": {
        "aarch64-darwin": {
          "outputs": [
            {
              "name": "out",
              "path": "/nix/store/qgjfg7ybpnpyi7ka9c35synp512fw4az-actionlint-1.7.11",
              "default": true
            }
          ],
          "store_path": "/nix/store/qgjfg7ybpnpyi7ka9c35synp512fw4az-actionlint-1.7.11"
        },
        "aarch64-linux": {
          "outputs": [
            {
              "name": "out",
              "path": "/nix/store/b4bgjjnmpi94k2fw2fj73cjmsn7kfg4i-actionlint-1.7.11",
              "default": true
            }
          ],
          "store_path": "/nix/store/b4bgjjnmpi94k2fw2fj73cjmsn7kfg4i-actionlint-1.7.11"
        },
        "x86_64-darwin": {
          "outputs": [
            {
              "name": "out",
              "path": "/nix/store/d8c0fmg4gaijsz2j9iccqnv2p6lxnj7k-actionlint-1.7.11",
              "default": true
            }
          ],
          "store_path": "/nix/store/d8c0fmg4gaijsz2j9iccqnv2p6lxnj7k-actionlint-1.7.11"
        },
        "x86_64-linux": {
          "outputs": [
            {
              "name": "out",
              "path": "/nix/store/95708my6vy5j8brwh90fcw7h9xkfbv6s-actionlint-1.7.11",
              "default": true
            }
          ],
          "store_path": "/nix/store/95708my6vy5j8brwh90fcw7h9xkfbv6s-actionlint-1.7.11"
        }
      }
    },
    "age@1.2.1": {
      "last_modified": "2025-11-23T21:50:36Z",
      "resolved": "github:NixOS/nixpkgs/ee09932cedcef15aaf476f9343d1dea2cb77e261#age",
      "source": "devbox-search",
      "version": "1.2.1",
      "systems": {
        "aarch64-darwin": {
          "outputs": [
            {
              "name": "out",
              "path": "/nix/store/gfbrwpq3gz8pimv8jnnnf9n81pgdkqy6-age-1.2.1",
              "default": true
            }
          ],
          "store_path": "/nix/store/gfbrwpq3gz8pimv8jnnnf9n81pgdkqy6-age-1.2.1"
        },
        "aarch64-linux": {
          "outputs": [
            {
              "name": "out",
              "path": "/nix/store/dp4cnyb1hcxqmk3jmj42h8vwiy6qyzx9-age-1.2.1",
              "default": true
            }
          ],
          "store_path": "/nix/store/dp4cnyb1hcxqmk3jmj42h8vwiy6qyzx9-age-1.2.1"
        },
        "x86_64-darwin": {
          "outputs": [
            {
              "name": "out",
              "path": "/nix/store/w58dc399xn7idm5y8g2q2j1bf2q6sbgx-age-1.2.1",
              "default": true
            }
          ],
          "store_path": "/nix/store/w58dc399xn7idm5y8g2q2j1bf2q6sbgx-age-1.2.1"
        },
        "x86_64-linux": {
          "outputs": [
            {
              "name": "out",
              "path": "/nix/store/vzjkjvfy1y6g7jjqfxnma6mkvf1qsn51-age-1.2.1",
              "default": true
            }
          ],
          "store_path": "/nix/store/vzjkjvfy1y6g7jjqfxnma6mkvf1qsn51-age-1.2.1"
        }
      }
    },
    "fluxcd@0.41.2": {
      "last_modified": "2023-04-13T03:55:09Z",
      "resolved": "github:NixOS/nixpkgs/96ba1c52e54e74c3197f4d43026b3f3d92e83ff9#fluxcd",
      "source": "devbox-search",
      "version": "0.41.2",
      "systems": {
        "aarch64-darwin": {
          "outputs": [
            {
              "name": "out",
              "path": "/nix/store/qv91k022b1z2qnwpbq0q992ka7lcnlzf-fluxcd-0.41.2",
              "default": true
            }
          ],
          "store_path": "/nix/store/qv91k022b1z2qnwpbq0q992ka7lcnlzf-fluxcd-0.41.2"
        },
        "aarch64-linux": {
          "outputs": [
            {
              "name": "out",
              "path": "/nix/store/z5aws384w5vgdrhks9z6913fvh69rlnv-fluxcd-0.41.2",
              "default": true
            }
          ],
          "store_path": "/nix/store/z5aws384w5vgdrhks9z6913fvh69rlnv-fluxcd-0.41.2"
        },
        "x86_64-darwin": {
          "outputs": [
            {
              "name": "out",
              "path": "/nix/store/7l3lar4z57hipqh7rqqwiny8wklgfj8h-fluxcd-0.41.2",
              "default": true
            }
          ],
          "store_path": "/nix/store/7l3lar4z57hipqh7rqqwiny8wklgfj8h-fluxcd-0.41.2"
        },
        "x86_64-linux": {
          "outputs": [
            {
              "name": "out",
              "path": "/nix/store/54283cbwcmgf1aqi5bfvf85dsv3fa3ms-fluxcd-0.41.2",
              "default": true
            }
          ],
          "store_path": "/nix/store/54283cbwcmgf1aqi5bfvf85dsv3fa3ms-fluxcd-0.41.2"
        }
      }
    },
    "github:NixOS/nixpkgs/nixpkgs-unstable": {
      "last_modified": "2026-06-29T19:19:24Z",
      "resolved": "github:NixOS/nixpkgs/7a1a64774a5fd0b0cd39ac95d0e170ace8b266a0?lastModified=1782760764"
    },
    "go-task@latest": {
      "last_modified": "2026-06-27T07:37:20Z",
      "resolved": "github:NixOS/nixpkgs/3d46470bb3030020f7e1361f33514854f5bfa86d#go-task",
      "source": "devbox-search",
      "version": "3.48.0",
      "systems": {
        "aarch64-darwin": {
          "outputs": [
            {
              "name": "out",
              "path": "/nix/store/80bj596m0qh7lyh7f5cmfy6r2cif9i08-go-task-3.48.0",
              "default": true
            }
          ],
          "store_path": "/nix/store/80bj596m0qh7lyh7f5cmfy6r2cif9i08-go-task-3.48.0"
        },
        "aarch64-linux": {
          "outputs": [
            {
              "name": "out",
              "path": "/nix/store/cp9nkcbc9gpx527n258c2bglhc4b82w5-go-task-3.48.0",
              "default": true
            }
          ],
          "store_path": "/nix/store/cp9nkcbc9gpx527n258c2bglhc4b82w5-go-task-3.48.0"
        },
        "x86_64-darwin": {
          "outputs": [
            {
              "name": "out",
              "path": "/nix/store/q7mxf9b9kcphb3lxrzn4mqazb9nrvlnz-go-task-3.48.0",
              "default": true
            }
          ],
          "store_path": "/nix/store/q7mxf9b9kcphb3lxrzn4mqazb9nrvlnz-go-task-3.48.0"
        },
        "x86_64-linux": {
          "outputs": [
            {
              "name": "out",
              "path": "/nix/store/7fshm6glyd5vi331jjizidvn95lflpig-go-task-3.48.0",
              "default": true
            }
          ],
          "store_path": "/nix/store/7fshm6glyd5vi331jjizidvn95lflpig-go-task-3.48.0"
        }
      }
    },
    "kubeconform@0.6.7": {
      "last_modified": "2025-05-06T08:06:31Z",
      "resolved": "github:NixOS/nixpkgs/1cb1c02a6b1b7cf67e3d7731cbbf327a53da9679#kubeconform",
      "source": "devbox-search",
      "version": "0.6.7",
      "systems": {
        "aarch64-darwin": {
          "outputs": [
            {
              "name": "out",
              "path": "/nix/store/0xy4hdv20mj4h99qybdwv24mydmjgkrn-kubeconform-0.6.7",
              "default": true
            }
          ],
          "store_path": "/nix/store/0xy4hdv20mj4h99qybdwv24mydmjgkrn-kubeconform-0.6.7"
        },
        "aarch64-linux": {
          "outputs": [
            {
              "name": "out",
              "path": "/nix/store/72f1zk50h6hyqkazsyvl2wh7j86cc09d-kubeconform-0.6.7",
              "default": true
            }
          ],
          "store_path": "/nix/store/72f1zk50h6hyqkazsyvl2wh7j86cc09d-kubeconform-0.6.7"
        },
        "x86_64-darwin": {
          "outputs": [
            {
              "name": "out",
              "path": "/nix/store/gaw0cjhbzzakl598xscnlxjynwndxbsb-kubeconform-0.6.7",
              "default": true
            }
          ],
          "store_path": "/nix/store/gaw0cjhbzzakl598xscnlxjynwndxbsb-kubeconform-0.6.7"
        },
        "x86_64-linux": {
          "outputs": [
            {
              "name": "out",
              "path": "/nix/store/nh3gh60ankn2j94rz8k2fiz2y3syqqfg-kubeconform-0.6.7",
              "default": true
            }
          ],
          "store_path": "/nix/store/nh3gh60ankn2j94rz8k2fiz2y3syqqfg-kubeconform-0.6.7"
        }
      }
    },
    "kubectl@1.36.1": {
      "last_modified": "2026-05-21T08:15:18Z",
      "resolved": "github:NixOS/nixpkgs/4a29d733e8a7d5b824c3d8c958a946a9867b3eb2#kubectl",
      "source": "devbox-search",
      "version": "1.36.1",
      "systems": {
        "aarch64-darwin": {
          "outputs": [
            {
              "name": "out",
              "path": "/nix/store/bayrw2infwx1kwsm7sbl7w7a4irb9xik-kubectl-1.36.1",
              "default": true
            },
            {
              "name": "man",
              "path": "/nix/store/4dncnmrgkz3cym4yyyfm0v8ajd98ij4k-kubectl-1.36.1-man",
              "default": true
            },
            {
              "name": "convert",
              "path": "/nix/store/7k4n6fpadgmd0is7az9snbmilv4igzcl-kubectl-1.36.1-convert"
            }
          ],
          "store_path": "/nix/store/bayrw2infwx1kwsm7sbl7w7a4irb9xik-kubectl-1.36.1"
        },
        "aarch64-linux": {
          "outputs": [
            {
              "name": "out",
              "path": "/nix/store/fjdhpd9i7122m1y1pvcpdalgspxmbald-kubectl-1.36.1",
              "default": true
            },
            {
              "name": "man",
              "path": "/nix/store/yq1yk6mx67s5m752xjr2yl6c1axkgqh1-kubectl-1.36.1-man",
              "default": true
            },
            {
              "name": "convert",
              "path": "/nix/store/kac9kz46wfklva8f850mshsdn8g4w4ps-kubectl-1.36.1-convert"
            }
          ],
          "store_path": "/nix/store/fjdhpd9i7122m1y1pvcpdalgspxmbald-kubectl-1.36.1"
        },
        "x86_64-darwin": {
          "outputs": [
            {
              "name": "out",
              "path": "/nix/store/d62il2034cjb2nfpvmfq31xr1mc4f3f1-kubectl-1.36.1",
              "default": true
            },
            {
              "name": "man",
              "path": "/nix/store/vlvri51s9l4dhi9v606arnbskd8ppsnr-kubectl-1.36.1-man",
              "default": true
            },
            {
              "name": "convert",
              "path": "/nix/store/pagdn4glxvcin2jdvfr4s2jmv5sf7b8v-kubectl-1.36.1-convert"
            }
          ],
          "store_path": "/nix/store/d62il2034cjb2nfpvmfq31xr1mc4f3f1-kubectl-1.36.1"
        },
        "x86_64-linux": {
          "outputs": [
            {
              "name": "out",
              "path": "/nix/store/hpxrpfnk0cdij0vwq0djimy9dcjl22vd-kubectl-1.36.1",
              "default": true
            },
            {
              "name": "man",
              "path": "/nix/store/wln7k2l3lglmzmaxc5s3ycbzdc793vdv-kubectl-1.36.1-man",
              "default": true
            },
            {
              "name": "convert",
              "path": "/nix/store/pajisc6xx344n31bklar8r04a395x7ws-kubectl-1.36.1-convert"
            }
          ],
          "store_path": "/nix/store/hpxrpfnk0cdij0vwq0djimy9dcjl22vd-kubectl-1.36.1"
        }
      }
    },
    "kustomize@3.10.0": {
      "last_modified": "2021-03-08T20:48:59Z",
      "resolved": "github:NixOS/nixpkgs/0867f62742476f513e39113e643d9f1612b31133#kustomize",
      "source": "devbox-search",
      "version": "3.10.0",
      "systems": {
        "x86_64-linux": {
          "outputs": [
            {
              "path": "/tmp/containerbase/cache/nix/store/3bp4c9sx6xby8iw511j96mr0kq7yj0mi-kustomize-3.10.0",
              "default": true
            }
          ]
        }
      }
    },
    "opentofu@1.12.1": {
      "last_modified": "2026-05-29T05:01:12Z",
      "resolved": "github:NixOS/nixpkgs/e9a7635a57597d9754eccebdfc7045e6c8600e6b#opentofu",
      "source": "devbox-search",
      "version": "1.12.1",
      "systems": {
        "aarch64-darwin": {
          "outputs": [
            {
              "name": "out",
              "path": "/nix/store/pdmkqjqml48g720dqcsf6r243m9hfpis-opentofu-1.12.1",
              "default": true
            }
          ],
          "store_path": "/nix/store/pdmkqjqml48g720dqcsf6r243m9hfpis-opentofu-1.12.1"
        },
        "aarch64-linux": {
          "outputs": [
            {
              "name": "out",
              "path": "/nix/store/wsc97vvjw9vxzh9l6n62akjpgkjx0yj3-opentofu-1.12.1",
              "default": true
            }
          ],
          "store_path": "/nix/store/wsc97vvjw9vxzh9l6n62akjpgkjx0yj3-opentofu-1.12.1"
        },
        "x86_64-darwin": {
          "outputs": [
            {
              "name": "out",
              "path": "/nix/store/vy10n911r2bq2jpyarfd7krb3h94rigc-opentofu-1.12.1",
              "default": true
            }
          ],
          "store_path": "/nix/store/vy10n911r2bq2jpyarfd7krb3h94rigc-opentofu-1.12.1"
        },
        "x86_64-linux": {
          "outputs": [
            {
              "name": "out",
              "path": "/nix/store/yp4yp9jvs8lhymvxpm2z0nk91fb2sy61-opentofu-1.12.1",
              "default": true
            }
          ],
          "store_path": "/nix/store/yp4yp9jvs8lhymvxpm2z0nk91fb2sy61-opentofu-1.12.1"
        }
      }
    },
    "sops@3.13.0": {
      "last_modified": "2026-05-08T21:03:27Z",
      "resolved": "github:NixOS/nixpkgs/b3da656039dc7a6240f27b2ef8cc6a3ef3bccae7#sops",
      "source": "devbox-search",
      "version": "3.13.0",
      "systems": {
        "aarch64-darwin": {
          "outputs": [
            {
              "name": "out",
              "path": "/nix/store/ch3d33671qx675m20zmvvp3gbr37vwms-sops-3.13.0",
              "default": true
            }
          ],
          "store_path": "/nix/store/ch3d33671qx675m20zmvvp3gbr37vwms-sops-3.13.0"
        },
        "aarch64-linux": {
          "outputs": [
            {
              "name": "out",
              "path": "/nix/store/207fclx363zvykkq86dwkghjdvxyyzqw-sops-3.13.0",
              "default": true
            }
          ],
          "store_path": "/nix/store/207fclx363zvykkq86dwkghjdvxyyzqw-sops-3.13.0"
        },
        "x86_64-darwin": {
          "outputs": [
            {
              "name": "out",
              "path": "/nix/store/vwgbv6ywnw8vjyxmf8hz3am2n1bhmz6v-sops-3.13.0",
              "default": true
            }
          ],
          "store_path": "/nix/store/vwgbv6ywnw8vjyxmf8hz3am2n1bhmz6v-sops-3.13.0"
        },
        "x86_64-linux": {
          "outputs": [
            {
              "name": "out",
              "path": "/nix/store/j7kr6asvf1v1b8l0ppbb1p7bv1kgjg0c-sops-3.13.0",
              "default": true
            }
          ],
          "store_path": "/nix/store/j7kr6asvf1v1b8l0ppbb1p7bv1kgjg0c-sops-3.13.0"
        }
      }
    },
    "trivy@latest": {
      "last_modified": "2026-06-27T07:37:20Z",
      "resolved": "github:NixOS/nixpkgs/3d46470bb3030020f7e1361f33514854f5bfa86d#trivy",
      "source": "devbox-search",
      "version": "0.71.2",
      "systems": {
        "aarch64-darwin": {
          "outputs": [
            {
              "name": "out",
              "path": "/nix/store/is18hhnznp6f66d3p9qbv0bm07rln22p-trivy-0.71.2",
              "default": true
            }
          ],
          "store_path": "/nix/store/is18hhnznp6f66d3p9qbv0bm07rln22p-trivy-0.71.2"
        },
        "aarch64-linux": {
          "outputs": [
            {
              "name": "out",
              "path": "/nix/store/71fqq9m9wmkjg6f05q4nhxilqgzymknc-trivy-0.71.2",
              "default": true
            }
          ],
          "store_path": "/nix/store/71fqq9m9wmkjg6f05q4nhxilqgzymknc-trivy-0.71.2"
        },
        "x86_64-darwin": {
          "outputs": [
            {
              "name": "out",
              "path": "/nix/store/95zw4cblbnzkdwrnn6qyq1bskb7wsv1z-trivy-0.71.2",
              "default": true
            }
          ],
          "store_path": "/nix/store/95zw4cblbnzkdwrnn6qyq1bskb7wsv1z-trivy-0.71.2"
        },
        "x86_64-linux": {
          "outputs": [
            {
              "name": "out",
              "path": "/nix/store/19mqz24riw1kl2xp4ylq1fljp2lhn02c-trivy-0.71.2",
              "default": true
            }
          ],
          "store_path": "/nix/store/19mqz24riw1kl2xp4ylq1fljp2lhn02c-trivy-0.71.2"
        }
      }
    },
    "yamllint@latest": {
      "last_modified": "2026-06-27T07:37:20Z",
      "resolved": "github:NixOS/nixpkgs/3d46470bb3030020f7e1361f33514854f5bfa86d#yamllint",
      "source": "devbox-search",
      "version": "1.37.1",
      "systems": {
        "aarch64-darwin": {
          "outputs": [
            {
              "name": "out",
              "path": "/nix/store/7n3n0i63y8rlapg3lkm2yn3mikks5s05-python3.13-yamllint-1.37.1",
              "default": true
            },
            {
              "name": "dist",
              "path": "/nix/store/8fm1gafz0i7l04l9gsg9479p0dqwa2fk-python3.13-yamllint-1.37.1-dist"
            }
          ],
          "store_path": "/nix/store/7n3n0i63y8rlapg3lkm2yn3mikks5s05-python3.13-yamllint-1.37.1"
        },
        "aarch64-linux": {
          "outputs": [
            {
              "name": "out",
              "path": "/nix/store/fq895h2hsh25fjyiq56zzilll2dbr88g-python3.13-yamllint-1.37.1",
              "default": true
            },
            {
              "name": "dist",
              "path": "/nix/store/nvc7bs1qiw7b336wyj0rv0c299yg6390-python3.13-yamllint-1.37.1-dist"
            }
          ],
          "store_path": "/nix/store/fq895h2hsh25fjyiq56zzilll2dbr88g-python3.13-yamllint-1.37.1"
        },
        "x86_64-darwin": {
          "outputs": [
            {
              "name": "out",
              "path": "/nix/store/bif9hvk42ynby7sdw88lax0j51kzlr2n-python3.13-yamllint-1.37.1",
              "default": true
            },
            {
              "name": "dist",
              "path": "/nix/store/qa1dq7xly19afgn165nf6572b3q61w1s-python3.13-yamllint-1.37.1-dist"
            }
          ],
          "store_path": "/nix/store/bif9hvk42ynby7sdw88lax0j51kzlr2n-python3.13-yamllint-1.37.1"
        },
        "x86_64-linux": {
          "outputs": [
            {
              "name": "out",
              "path": "/nix/store/rqh0f80yadayvb2wx5jbrwsn3j1ns4fd-python3.13-yamllint-1.37.1",
              "default": true
            },
            {
              "name": "dist",
              "path": "/nix/store/jcy4afhhfvygjqr41cs0i4647s05n9f2-python3.13-yamllint-1.37.1-dist"
            }
          ],
          "store_path": "/nix/store/rqh0f80yadayvb2wx5jbrwsn3j1ns4fd-python3.13-yamllint-1.37.1"
        }
      }
    }
  }
}
